
Microsoft Visual Studio Solution File, Format Version 12.00
# Visual Studio 15
VisualStudioVersion = 15.0.27130.2003
MinimumVisualStudioVersion = 10.0.40219.1
Project("{FAE04EC0-301F-11D3-BF4B-00C04F79EFBC}") = "greeneMidtermDigits", "greeneMidtermDigits.csproj", "{5FB60DDC-0D9F-4E2E-99F1-82A6C7AB7CEA}"
EndProject
Global
	GlobalSection(SolutionConfigurationPlatforms) = preSolution
		Debug|Any CPU = Debug|Any CPU
		Release|Any CPU = Release|Any CPU
	EndGlobalSection
	GlobalSection(ProjectConfigurationPlatforms) = postSolution
		{5FB60DDC-0D9F-4E2E-99F1-82A6C7AB7CEA}.Debug|Any CPU.ActiveCfg = Debug|Any CPU
		{5FB60DDC-0D9F-4E2E-99F1-82A6C7AB7CEA}.Debug|Any CPU.Build.0 = Debug|Any CPU
		{5FB60DDC-0D9F-4E2E-99F1-82A6C7AB7CEA}.Release|Any CPU.ActiveCfg = Release|Any CPU
		{5FB60DDC-0D9F-4E2E-99F1-82A6C7AB7CEA}.Release|Any CPU.Build.0 = Release|Any CPU
	EndGlobalSection
	GlobalSection(SolutionProperties) = preSolution
		HideSolutionNode = FALSE
	EndGlobalSection
	GlobalSection(ExtensibilityGlobals) = postSolution
		SolutionGuid = {386C32F1-56A9-499F-B1C8-4032507ABD3A}
	EndGlobalSection
EndGlobal
