
Microsoft Visual Studio Solution File, Format Version 12.00
# Visual Studio 15
VisualStudioVersion = 15.0.27004.2008
MinimumVisualStudioVersion = 10.0.40219.1
Project("{FAE04EC0-301F-11D3-BF4B-00C04F79EFBC}") = "movieLab", "movieLab.csproj", "{5FC323F2-F6EF-4D1C-917C-F85DC2D48AAD}"
EndProject
Global
	GlobalSection(SolutionConfigurationPlatforms) = preSolution
		Debug|Any CPU = Debug|Any CPU
		Release|Any CPU = Release|Any CPU
	EndGlobalSection
	GlobalSection(ProjectConfigurationPlatforms) = postSolution
		{5FC323F2-F6EF-4D1C-917C-F85DC2D48AAD}.Debug|Any CPU.ActiveCfg = Debug|Any CPU
		{5FC323F2-F6EF-4D1C-917C-F85DC2D48AAD}.Debug|Any CPU.Build.0 = Debug|Any CPU
		{5FC323F2-F6EF-4D1C-917C-F85DC2D48AAD}.Release|Any CPU.ActiveCfg = Release|Any CPU
		{5FC323F2-F6EF-4D1C-917C-F85DC2D48AAD}.Release|Any CPU.Build.0 = Release|Any CPU
	EndGlobalSection
	GlobalSection(SolutionProperties) = preSolution
		HideSolutionNode = FALSE
	EndGlobalSection
	GlobalSection(ExtensibilityGlobals) = postSolution
		SolutionGuid = {B6B354E8-2362-4CA6-8BA5-6D0474E4E691}
	EndGlobalSection
EndGlobal
