
Microsoft Visual Studio Solution File, Format Version 12.00
# Visual Studio 15
VisualStudioVersion = 15.0.27004.2006
MinimumVisualStudioVersion = 10.0.40219.1
Project("{FAE04EC0-301F-11D3-BF4B-00C04F79EFBC}") = "formAppTest", "formAppTest.csproj", "{BBED9FF4-8AB1-4D8C-BBAC-DE26C528B8D4}"
EndProject
Global
	GlobalSection(SolutionConfigurationPlatforms) = preSolution
		Debug|Any CPU = Debug|Any CPU
		Release|Any CPU = Release|Any CPU
	EndGlobalSection
	GlobalSection(ProjectConfigurationPlatforms) = postSolution
		{BBED9FF4-8AB1-4D8C-BBAC-DE26C528B8D4}.Debug|Any CPU.ActiveCfg = Debug|Any CPU
		{BBED9FF4-8AB1-4D8C-BBAC-DE26C528B8D4}.Debug|Any CPU.Build.0 = Debug|Any CPU
		{BBED9FF4-8AB1-4D8C-BBAC-DE26C528B8D4}.Release|Any CPU.ActiveCfg = Release|Any CPU
		{BBED9FF4-8AB1-4D8C-BBAC-DE26C528B8D4}.Release|Any CPU.Build.0 = Release|Any CPU
	EndGlobalSection
	GlobalSection(SolutionProperties) = preSolution
		HideSolutionNode = FALSE
	EndGlobalSection
	GlobalSection(ExtensibilityGlobals) = postSolution
		SolutionGuid = {661AE2B5-D3BE-493A-9645-08A8346F4CE0}
	EndGlobalSection
EndGlobal
