
Microsoft Visual Studio Solution File, Format Version 12.00
# Visual Studio 2012
Project("{FAE04EC0-301F-11D3-BF4B-00C04F79EFBC}") = "Add", "Add.csproj", "{EE1EEBCE-14AF-4C57-B0F5-37393A528E7C}"
EndProject
Global
	GlobalSection(SolutionConfigurationPlatforms) = preSolution
		Debug|iPhoneSimulator = Debug|iPhoneSimulator
		Release|iPhone = Release|iPhone
		Release|iPhoneSimulator = Release|iPhoneSimulator
		Debug|iPhone = Debug|iPhone
	EndGlobalSection
	GlobalSection(ProjectConfigurationPlatforms) = postSolution
		{EE1EEBCE-14AF-4C57-B0F5-37393A528E7C}.Debug|iPhoneSimulator.ActiveCfg = Debug|iPhoneSimulator
		{EE1EEBCE-14AF-4C57-B0F5-37393A528E7C}.Debug|iPhoneSimulator.Build.0 = Debug|iPhoneSimulator
		{EE1EEBCE-14AF-4C57-B0F5-37393A528E7C}.Release|iPhone.ActiveCfg = Release|iPhone
		{EE1EEBCE-14AF-4C57-B0F5-37393A528E7C}.Release|iPhone.Build.0 = Release|iPhone
		{EE1EEBCE-14AF-4C57-B0F5-37393A528E7C}.Release|iPhoneSimulator.ActiveCfg = Release|iPhoneSimulator
		{EE1EEBCE-14AF-4C57-B0F5-37393A528E7C}.Release|iPhoneSimulator.Build.0 = Release|iPhoneSimulator
		{EE1EEBCE-14AF-4C57-B0F5-37393A528E7C}.Debug|iPhone.ActiveCfg = Debug|iPhone
		{EE1EEBCE-14AF-4C57-B0F5-37393A528E7C}.Debug|iPhone.Build.0 = Debug|iPhone
	EndGlobalSection
EndGlobal
